apiVersion: vendir.k14s.io/v1alpha1
directories:
- contents:
  - githubRelease:
      tag: v0.5.2
      url: https://api.github.com/repos/dpeckett/aptify/releases/166222193
    path: dpeckett/aptify
  - githubRelease:
      tag: v0.4.3
      url: https://api.github.com/repos/dpeckett/archivefs/releases/166211773
    path: dpeckett/archivefs
  - githubRelease:
      tag: v0.11.6
      url: https://api.github.com/repos/dpeckett/buildkit/releases/166258786
    path: dpeckett/buildkit
  - githubRelease:
      tag: v0.3.2
      url: https://api.github.com/repos/dpeckett/compressmagic/releases/166086620
    path: dpeckett/compressmagic
  - githubRelease:
      tag: v0.5.1
      url: https://api.github.com/repos/dpeckett/deb822/releases/166088171
    path: dpeckett/deb822
  path: vendor
kind: LockConfig
