apiVersion: vendir.k14s.io/v1alpha1
directories:
- contents:
  - githubRelease:
      tag: v0.6.2
      url: https://api.github.com/repos/dpeckett/airgapify/releases/173784340
    path: dpeckett/airgapify
  - githubRelease:
      tag: git20240904.c1bfe04
      url: https://api.github.com/repos/dpeckett/apimachinery/releases/173460183
    path: dpeckett/apimachinery
  - githubRelease:
      tag: v0.8.0
      url: https://api.github.com/repos/dpeckett/aptify/releases/174090874
    path: dpeckett/aptify
  - githubRelease:
      tag: v0.11.1
      url: https://api.github.com/repos/dpeckett/archivefs/releases/174488499
    path: dpeckett/archivefs
  - githubRelease:
      tag: v0.5.3
      url: https://api.github.com/repos/dpeckett/deb822/releases/166359486
    path: dpeckett/deb822
  - githubRelease:
      tag: v0.15.2
      url: https://api.github.com/repos/dpeckett/debco/releases/173790705
    path: dpeckett/debco
  - githubRelease:
      tag: git20240902.85aeae2
      url: https://api.github.com/repos/dpeckett/fsutil/releases/173050442
    path: dpeckett/fsutil
  - githubRelease:
      tag: v0.2.1
      url: https://api.github.com/repos/dpeckett/matchstick/releases/174708610
    path: dpeckett/matchstick
  - githubRelease:
      tag: v0.1.3
      url: https://api.github.com/repos/dpeckett/oci2erofs/releases/174491754
    path: dpeckett/oci2erofs
  - githubRelease:
      tag: v0.1.2
      url: https://api.github.com/repos/dpeckett/telemetry/releases/173167754
    path: dpeckett/telemetry
  - githubRelease:
      tag: v0.5.0
      url: https://api.github.com/repos/dpeckett/uncompr/releases/172938692
    path: dpeckett/uncompr
  - githubRelease:
      tag: git20240719.6f69db9
      url: https://api.github.com/repos/dpeckett/vt100/releases/166306449
    path: dpeckett/vt100
  path: vendor
kind: LockConfig
