apiVersion: vendir.k14s.io/v1alpha1
directories:
- contents:
  - githubRelease:
      tag: v0.4.1
      url: https://api.github.com/repos/dpeckett/aptify/releases/165819024
    path: dpeckett/aptify
  - githubRelease:
      tag: v0.3.0
      url: https://api.github.com/repos/dpeckett/archivefs/releases/166004820
    path: dpeckett/archivefs
  - githubRelease:
      tag: v0.2.0
      url: https://api.github.com/repos/dpeckett/compressmagic/releases/165677256
    path: dpeckett/compressmagic
  - githubRelease:
      tag: v0.4.2
      url: https://api.github.com/repos/dpeckett/deb822/releases/165616961
    path: dpeckett/deb822
  - githubRelease:
      tag: v0.1.0
      url: https://api.github.com/repos/dpeckett/slog-shim/releases/165729885
    path: dpeckett/slog-shim
  path: vendor
kind: LockConfig
